// !$*UTF8*$!
{
	archiveVersion = 1;
	classes = {
	};
	objectVersion = 55;
	objects = {

/* Begin PBXBuildFile section */
		9314873727D151C70012AC2C /* StackOverflowChallengeApp.swift in Sources */ = {isa = PBXBuildFile; fileRef = 9314872727D151C60012AC2C /* StackOverflowChallengeApp.swift */; };
		9314873827D151C70012AC2C /* StackOverflowChallengeApp.swift in Sources */ = {isa = PBXBuildFile; fileRef = 9314872727D151C60012AC2C /* StackOverflowChallengeApp.swift */; };
		9314873927D151C70012AC2C /* ContentView.swift in Sources */ = {isa = PBXBuildFile; fileRef = 9314872827D151C60012AC2C /* ContentView.swift */; };
		9314873A27D151C70012AC2C /* ContentView.swift in Sources */ = {isa = PBXBuildFile; fileRef = 9314872827D151C60012AC2C /* ContentView.swift */; };
		9314873B27D151C70012AC2C /* Assets.xcassets in Resources */ = {isa = PBXBuildFile; fileRef = 9314872927D151C70012AC2C /* Assets.xcassets */; };
		9314873C27D151C70012AC2C /* Assets.xcassets in Resources */ = {isa = PBXBuildFile; fileRef = 9314872927D151C70012AC2C /* Assets.xcassets */; };
		9314876027D15ACB0012AC2C /* ContentViewModel.swift in Sources */ = {isa = PBXBuildFile; fileRef = 9314875F27D15ACB0012AC2C /* ContentViewModel.swift */; };
		9314876127D15ACB0012AC2C /* ContentViewModel.swift in Sources */ = {isa = PBXBuildFile; fileRef = 9314875F27D15ACB0012AC2C /* ContentViewModel.swift */; };
		9314876327D3C9B70012AC2C /* URLBuilder.swift in Sources */ = {isa = PBXBuildFile; fileRef = 9314876227D3C9B70012AC2C /* URLBuilder.swift */; };
		9314876427D3C9B70012AC2C /* URLBuilder.swift in Sources */ = {isa = PBXBuildFile; fileRef = 9314876227D3C9B70012AC2C /* URLBuilder.swift */; };
		9314876627D3CF660012AC2C /* Extenstions.swift in Sources */ = {isa = PBXBuildFile; fileRef = 9314876527D3CF660012AC2C /* Extenstions.swift */; };
		9314876727D3CF660012AC2C /* Extenstions.swift in Sources */ = {isa = PBXBuildFile; fileRef = 9314876527D3CF660012AC2C /* Extenstions.swift */; };
		9314876927D3D4A00012AC2C /* Models.swift in Sources */ = {isa = PBXBuildFile; fileRef = 9314876827D3D4A00012AC2C /* Models.swift */; };
		9314876A27D3D4A00012AC2C /* Models.swift in Sources */ = {isa = PBXBuildFile; fileRef = 9314876827D3D4A00012AC2C /* Models.swift */; };
		9314876C27D3D8740012AC2C /* Parser.swift in Sources */ = {isa = PBXBuildFile; fileRef = 9314876B27D3D8740012AC2C /* Parser.swift */; };
		9314876D27D3D8740012AC2C /* Parser.swift in Sources */ = {isa = PBXBuildFile; fileRef = 9314876B27D3D8740012AC2C /* Parser.swift */; };
		9314877527D42C250012AC2C /* ItemRow.swift in Sources */ = {isa = PBXBuildFile; fileRef = 9314877427D42C250012AC2C /* ItemRow.swift */; };
		9314877627D42C250012AC2C /* ItemRow.swift in Sources */ = {isa = PBXBuildFile; fileRef = 9314877427D42C250012AC2C /* ItemRow.swift */; };
		9314877827D43D300012AC2C /* ItemView.swift in Sources */ = {isa = PBXBuildFile; fileRef = 9314877727D43D300012AC2C /* ItemView.swift */; };
		9314877927D43D300012AC2C /* ItemView.swift in Sources */ = {isa = PBXBuildFile; fileRef = 9314877727D43D300012AC2C /* ItemView.swift */; };
/* End PBXBuildFile section */

/* Begin PBXFileReference section */
		9314872727D151C60012AC2C /* StackOverflowChallengeApp.swift */ = {isa = PBXFileReference; lastKnownFileType = sourcecode.swift; path = StackOverflowChallengeApp.swift; sourceTree = "<group>"; };
		9314872827D151C60012AC2C /* ContentView.swift */ = {isa = PBXFileReference; lastKnownFileType = sourcecode.swift; path = ContentView.swift; sourceTree = "<group>"; };
		9314872927D151C70012AC2C /* Assets.xcassets */ = {isa = PBXFileReference; lastKnownFileType = folder.assetcatalog; path = Assets.xcassets; sourceTree = "<group>"; };
		9314872E27D151C70012AC2C /* StackOverflowChallenge.app */ = {isa = PBXFileReference; explicitFileType = wrapper.application; includeInIndex = 0; path = StackOverflowChallenge.app; sourceTree = BUILT_PRODUCTS_DIR; };
		9314873427D151C70012AC2C /* StackOverflowChallenge.app */ = {isa = PBXFileReference; explicitFileType = wrapper.application; includeInIndex = 0; path = StackOverflowChallenge.app; sourceTree = BUILT_PRODUCTS_DIR; };
		9314873627D151C70012AC2C /* macOS.entitlements */ = {isa = PBXFileReference; lastKnownFileType = text.plist.entitlements; path = macOS.entitlements; sourceTree = "<group>"; };
		9314875F27D15ACB0012AC2C /* ContentViewModel.swift */ = {isa = PBXFileReference; lastKnownFileType = sourcecode.swift; path = ContentViewModel.swift; sourceTree = "<group>"; };
		9314876227D3C9B70012AC2C /* URLBuilder.swift */ = {isa = PBXFileReference; lastKnownFileType = sourcecode.swift; path = URLBuilder.swift; sourceTree = "<group>"; };
		9314876527D3CF660012AC2C /* Extenstions.swift */ = {isa = PBXFileReference; lastKnownFileType = sourcecode.swift; path = Extenstions.swift; sourceTree = "<group>"; };
		9314876827D3D4A00012AC2C /* Models.swift */ = {isa = PBXFileReference; lastKnownFileType = sourcecode.swift; path = Models.swift; sourceTree = "<group>"; };
		9314876B27D3D8740012AC2C /* Parser.swift */ = {isa = PBXFileReference; lastKnownFileType = sourcecode.swift; path = Parser.swift; sourceTree = "<group>"; };
		9314877427D42C250012AC2C /* ItemRow.swift */ = {isa = PBXFileReference; lastKnownFileType = sourcecode.swift; path = ItemRow.swift; sourceTree = "<group>"; };
		9314877727D43D300012AC2C /* ItemView.swift */ = {isa = PBXFileReference; lastKnownFileType = sourcecode.swift; path = ItemView.swift; sourceTree = "<group>"; };
/* End PBXFileReference section */

/* Begin PBXFrameworksBuildPhase section */
		9314872B27D151C70012AC2C /* Frameworks */ = {
			isa = PBXFrameworksBuildPhase;
			buildActionMask = 2147483647;
			files = (
			);
			runOnlyForDeploymentPostprocessing = 0;
		};
		9314873127D151C70012AC2C /* Frameworks */ = {
			isa = PBXFrameworksBuildPhase;
			buildActionMask = 2147483647;
			files = (
			);
			runOnlyForDeploymentPostprocessing = 0;
		};
/* End PBXFrameworksBuildPhase section */

/* Begin PBXGroup section */
		9314872127D151C60012AC2C = {
			isa = PBXGroup;
			children = (
				9314872627D151C60012AC2C /* Shared */,
				9314873527D151C70012AC2C /* macOS */,
				9314872F27D151C70012AC2C /* Products */,
			);
			sourceTree = "<group>";
		};
		9314872627D151C60012AC2C /* Shared */ = {
			isa = PBXGroup;
			children = (
				9314876527D3CF660012AC2C /* Extenstions.swift */,
				9314872727D151C60012AC2C /* StackOverflowChallengeApp.swift */,
				9314872927D151C70012AC2C /* Assets.xcassets */,
				9314877027D3D9150012AC2C /* Model */,
				9314876E27D3D8F30012AC2C /* View */,
			);
			path = Shared;
			sourceTree = "<group>";
		};
		9314872F27D151C70012AC2C /* Products */ = {
			isa = PBXGroup;
			children = (
				9314872E27D151C70012AC2C /* StackOverflowChallenge.app */,
				9314873427D151C70012AC2C /* StackOverflowChallenge.app */,
			);
			name = Products;
			sourceTree = "<group>";
		};
		9314873527D151C70012AC2C /* macOS */ = {
			isa = PBXGroup;
			children = (
				9314873627D151C70012AC2C /* macOS.entitlements */,
			);
			path = macOS;
			sourceTree = "<group>";
		};
		9314876E27D3D8F30012AC2C /* View */ = {
			isa = PBXGroup;
			children = (
				9314876F27D3D9050012AC2C /* Model */,
				9314872827D151C60012AC2C /* ContentView.swift */,
				9314877427D42C250012AC2C /* ItemRow.swift */,
				9314877727D43D300012AC2C /* ItemView.swift */,
			);
			path = View;
			sourceTree = "<group>";
		};
		9314876F27D3D9050012AC2C /* Model */ = {
			isa = PBXGroup;
			children = (
				9314875F27D15ACB0012AC2C /* ContentViewModel.swift */,
			);
			path = Model;
			sourceTree = "<group>";
		};
		9314877027D3D9150012AC2C /* Model */ = {
			isa = PBXGroup;
			children = (
				9314876827D3D4A00012AC2C /* Models.swift */,
				9314876B27D3D8740012AC2C /* Parser.swift */,
				9314876227D3C9B70012AC2C /* URLBuilder.swift */,
			);
			path = Model;
			sourceTree = "<group>";
		};
/* End PBXGroup section */

/* Begin PBXNativeTarget section */
		9314872D27D151C70012AC2C /* StackOverflowChallenge (iOS) */ = {
			isa = PBXNativeTarget;
			buildConfigurationList = 9314873F27D151C70012AC2C /* Build configuration list for PBXNativeTarget "StackOverflowChallenge (iOS)" */;
			buildPhases = (
				9314872A27D151C70012AC2C /* Sources */,
				9314872B27D151C70012AC2C /* Frameworks */,
				9314872C27D151C70012AC2C /* Resources */,
			);
			buildRules = (
			);
			dependencies = (
			);
			name = "StackOverflowChallenge (iOS)";
			productName = "StackOverflowChallenge (iOS)";
			productReference = 9314872E27D151C70012AC2C /* StackOverflowChallenge.app */;
			productType = "com.apple.product-type.application";
		};
		9314873327D151C70012AC2C /* StackOverflowChallenge (macOS) */ = {
			isa = PBXNativeTarget;
			buildConfigurationList = 9314874227D151C70012AC2C /* Build configuration list for PBXNativeTarget "StackOverflowChallenge (macOS)" */;
			buildPhases = (
				9314873027D151C70012AC2C /* Sources */,
				9314873127D151C70012AC2C /* Frameworks */,
				9314873227D151C70012AC2C /* Resources */,
			);
			buildRules = (
			);
			dependencies = (
			);
			name = "StackOverflowChallenge (macOS)";
			productName = "StackOverflowChallenge (macOS)";
			productReference = 9314873427D151C70012AC2C /* StackOverflowChallenge.app */;
			productType = "com.apple.product-type.application";
		};
/* End PBXNativeTarget section */

/* Begin PBXProject section */
		9314872227D151C60012AC2C /* Project object */ = {
			isa = PBXProject;
			attributes = {
				BuildIndependentTargetsInParallel = 1;
				LastSwiftUpdateCheck = 1320;
				LastUpgradeCheck = 1320;
				TargetAttributes = {
					9314872D27D151C70012AC2C = {
						CreatedOnToolsVersion = 13.2.1;
					};
					9314873327D151C70012AC2C = {
						CreatedOnToolsVersion = 13.2.1;
					};
				};
			};
			buildConfigurationList = 9314872527D151C60012AC2C /* Build configuration list for PBXProject "StackOverflowChallenge" */;
			compatibilityVersion = "Xcode 13.0";
			developmentRegion = en;
			hasScannedForEncodings = 0;
			knownRegions = (
				en,
				Base,
			);
			mainGroup = 9314872127D151C60012AC2C;
			productRefGroup = 9314872F27D151C70012AC2C /* Products */;
			projectDirPath = "";
			projectRoot = "";
			targets = (
				9314872D27D151C70012AC2C /* StackOverflowChallenge (iOS) */,
				9314873327D151C70012AC2C /* StackOverflowChallenge (macOS) */,
			);
		};
/* End PBXProject section */

/* Begin PBXResourcesBuildPhase section */
		9314872C27D151C70012AC2C /* Resources */ = {
			isa = PBXResourcesBuildPhase;
			buildActionMask = 2147483647;
			files = (
				9314873B27D151C70012AC2C /* Assets.xcassets in Resources */,
			);
			runOnlyForDeploymentPostprocessing = 0;
		};
		9314873227D151C70012AC2C /* Resources */ = {
			isa = PBXResourcesBuildPhase;
			buildActionMask = 2147483647;
			files = (
				9314873C27D151C70012AC2C /* Assets.xcassets in Resources */,
			);
			runOnlyForDeploymentPostprocessing = 0;
		};
/* End PBXResourcesBuildPhase section */

/* Begin PBXSourcesBuildPhase section */
		9314872A27D151C70012AC2C /* Sources */ = {
			isa = PBXSourcesBuildPhase;
			buildActionMask = 2147483647;
			files = (
				9314876027D15ACB0012AC2C /* ContentViewModel.swift in Sources */,
				9314876627D3CF660012AC2C /* Extenstions.swift in Sources */,
				9314876327D3C9B70012AC2C /* URLBuilder.swift in Sources */,
				9314877527D42C250012AC2C /* ItemRow.swift in Sources */,
				9314877827D43D300012AC2C /* ItemView.swift in Sources */,
				9314876927D3D4A00012AC2C /* Models.swift in Sources */,
				9314873927D151C70012AC2C /* ContentView.swift in Sources */,
				9314873727D151C70012AC2C /* StackOverflowChallengeApp.swift in Sources */,
				9314876C27D3D8740012AC2C /* Parser.swift in Sources */,
			);
			runOnlyForDeploymentPostprocessing = 0;
		};
		9314873027D151C70012AC2C /* Sources */ = {
			isa = PBXSourcesBuildPhase;
			buildActionMask = 2147483647;
			files = (
				9314876127D15ACB0012AC2C /* ContentViewModel.swift in Sources */,
				9314876727D3CF660012AC2C /* Extenstions.swift in Sources */,
				9314876427D3C9B70012AC2C /* URLBuilder.swift in Sources */,
				9314877627D42C250012AC2C /* ItemRow.swift in Sources */,
				9314877927D43D300012AC2C /* ItemView.swift in Sources */,
				9314876A27D3D4A00012AC2C /* Models.swift in Sources */,
				9314873A27D151C70012AC2C /* ContentView.swift in Sources */,
				9314873827D151C70012AC2C /* StackOverflowChallengeApp.swift in Sources */,
				9314876D27D3D8740012AC2C /* Parser.swift in Sources */,
			);
			runOnlyForDeploymentPostprocessing = 0;
		};
/* End PBXSourcesBuildPhase section */

/* Begin XCBuildConfiguration section */
		9314873D27D151C70012AC2C /* Debug */ = {
			isa = XCBuildConfiguration;
			buildSettings = {
				ALWAYS_SEARCH_USER_PATHS = NO;
				CLANG_ANALYZER_NONNULL = YES;
				CLANG_ANALYZER_NUMBER_OBJECT_CONVERSION = YES_AGGRESSIVE;
				CLANG_CXX_LANGUAGE_STANDARD = "gnu++17";
				CLANG_CXX_LIBRARY = "libc++";
				CLANG_ENABLE_MODULES = YES;
				CLANG_ENABLE_OBJC_ARC = YES;
				CLANG_ENABLE_OBJC_WEAK = YES;
				CLANG_WARN_BLOCK_CAPTURE_AUTORELEASING = YES;
				CLANG_WARN_BOOL_CONVERSION = YES;
				CLANG_WARN_COMMA = YES;
				CLANG_WARN_CONSTANT_CONVERSION = YES;
				CLANG_WARN_DEPRECATED_OBJC_IMPLEMENTATIONS = YES;
				CLANG_WARN_DIRECT_OBJC_ISA_USAGE = YES_ERROR;
				CLANG_WARN_DOCUMENTATION_COMMENTS = YES;
				CLANG_WARN_EMPTY_BODY = YES;
				CLANG_WARN_ENUM_CONVERSION = YES;
				CLANG_WARN_INFINITE_RECURSION = YES;
				CLANG_WARN_INT_CONVERSION = YES;
				CLANG_WARN_NON_LITERAL_NULL_CONVERSION = YES;
				CLANG_WARN_OBJC_IMPLICIT_RETAIN_SELF = YES;
				CLANG_WARN_OBJC_LITERAL_CONVERSION = YES;
				CLANG_WARN_OBJC_ROOT_CLASS = YES_ERROR;
				CLANG_WARN_QUOTED_INCLUDE_IN_FRAMEWORK_HEADER = YES;
				CLANG_WARN_RANGE_LOOP_ANALYSIS = YES;
				CLANG_WARN_STRICT_PROTOTYPES = YES;
				CLANG_WARN_SUSPICIOUS_MOVE = YES;
				CLANG_WARN_UNGUARDED_AVAILABILITY = YES_AGGRESSIVE;
				CLANG_WARN_UNREACHABLE_CODE = YES;
				CLANG_WARN__DUPLICATE_METHOD_MATCH = YES;
				COPY_PHASE_STRIP = NO;
				DEBUG_INFORMATION_FORMAT = dwarf;
				ENABLE_STRICT_OBJC_MSGSEND = YES;
				ENABLE_TESTABILITY = YES;
				GCC_C_LANGUAGE_STANDARD = gnu11;
				GCC_DYNAMIC_NO_PIC = NO;
				GCC_NO_COMMON_BLOCKS = YES;
				GCC_OPTIMIZATION_LEVEL = 0;
				GCC_PREPROCESSOR_DEFINITIONS = (
					"DEBUG=1",
					"$(inherited)",
				);
				GCC_WARN_64_TO_32_BIT_CONVERSION = YES;
				GCC_WARN_ABOUT_RETURN_TYPE = YES_ERROR;
				GCC_WARN_UNDECLARED_SELECTOR = YES;
				GCC_WARN_UNINITIALIZED_AUTOS = YES_AGGRESSIVE;
				GCC_WARN_UNUSED_FUNCTION = YES;
				GCC_WARN_UNUSED_VARIABLE = YES;
				MTL_ENABLE_DEBUG_INFO = INCLUDE_SOURCE;
				MTL_FAST_MATH = YES;
				ONLY_ACTIVE_ARCH = YES;
				SWIFT_ACTIVE_COMPILATION_CONDITIONS = DEBUG;
				SWIFT_OPTIMIZATION_LEVEL = "-Onone";
			};
			name = Debug;
		};
		9314873E27D151C70012AC2C /* Release */ = {
			isa = XCBuildConfiguration;
			buildSettings = {
				ALWAYS_SEARCH_USER_PATHS = NO;
				CLANG_ANALYZER_NONNULL = YES;
				CLANG_ANALYZER_NUMBER_OBJECT_CONVERSION = YES_AGGRESSIVE;
				CLANG_CXX_LANGUAGE_STANDARD = "gnu++17";
				CLANG_CXX_LIBRARY = "libc++";
				CLANG_ENABLE_MODULES = YES;
				CLANG_ENABLE_OBJC_ARC = YES;
				CLANG_ENABLE_OBJC_WEAK = YES;
				CLANG_WARN_BLOCK_CAPTURE_AUTORELEASING = YES;
				CLANG_WARN_BOOL_CONVERSION = YES;
				CLANG_WARN_COMMA = YES;
				CLANG_WARN_CONSTANT_CONVERSION = YES;
				CLANG_WARN_DEPRECATED_OBJC_IMPLEMENTATIONS = YES;
				CLANG_WARN_DIRECT_OBJC_ISA_USAGE = YES_ERROR;
				CLANG_WARN_DOCUMENTATION_COMMENTS = YES;
				CLANG_WARN_EMPTY_BODY = YES;
				CLANG_WARN_ENUM_CONVERSION = YES;
				CLANG_WARN_INFINITE_RECURSION = YES;
				CLANG_WARN_INT_CONVERSION = YES;
				CLANG_WARN_NON_LITERAL_NULL_CONVERSION = YES;
				CLANG_WARN_OBJC_IMPLICIT_RETAIN_SELF = YES;
				CLANG_WARN_OBJC_LITERAL_CONVERSION = YES;
				CLANG_WARN_OBJC_ROOT_CLASS = YES_ERROR;
				CLANG_WARN_QUOTED_INCLUDE_IN_FRAMEWORK_HEADER = YES;
				CLANG_WARN_RANGE_LOOP_ANALYSIS = YES;
				CLANG_WARN_STRICT_PROTOTYPES = YES;
				CLANG_WARN_SUSPICIOUS_MOVE = YES;
				CLANG_WARN_UNGUARDED_AVAILABILITY = YES_AGGRESSIVE;
				CLANG_WARN_UNREACHABLE_CODE = YES;
				CLANG_WARN__DUPLICATE_METHOD_MATCH = YES;
				COPY_PHASE_STRIP = NO;
				DEBUG_INFORMATION_FORMAT = "dwarf-with-dsym";
				ENABLE_NS_ASSERTIONS = NO;
				ENABLE_STRICT_OBJC_MSGSEND = YES;
				GCC_C_LANGUAGE_STANDARD = gnu11;
				GCC_NO_COMMON_BLOCKS = YES;
				GCC_WARN_64_TO_32_BIT_CONVERSION = YES;
				GCC_WARN_ABOUT_RETURN_TYPE = YES_ERROR;
				GCC_WARN_UNDECLARED_SELECTOR = YES;
				GCC_WARN_UNINITIALIZED_AUTOS = YES_AGGRESSIVE;
				GCC_WARN_UNUSED_FUNCTION = YES;
				GCC_WARN_UNUSED_VARIABLE = YES;
				MTL_ENABLE_DEBUG_INFO = NO;
				MTL_FAST_MATH = YES;
				SWIFT_COMPILATION_MODE = wholemodule;
				SWIFT_OPTIMIZATION_LEVEL = "-O";
			};
			name = Release;
		};
		9314874027D151C70012AC2C /* Debug */ = {
			isa = XCBuildConfiguration;
			buildSettings = {
				ASSETCATALOG_COMPILER_APPICON_NAME = AppIcon;
				ASSETCATALOG_COMPILER_GLOBAL_ACCENT_COLOR_NAME = AccentColor;
				CODE_SIGN_STYLE = Automatic;
				CURRENT_PROJECT_VERSION = 1;
				ENABLE_PREVIEWS = YES;
				GENERATE_INFOPLIST_FILE = YES;
				INFOPLIST_KEY_UIApplicationSceneManifest_Generation = YES;
				INFOPLIST_KEY_UIApplicationSupportsIndirectInputEvents = YES;
				INFOPLIST_KEY_UILaunchScreen_Generation = YES;
				INFOPLIST_KEY_UISupportedInterfaceOrientations_iPad = "UIInterfaceOrientationPortrait UIInterfaceOrientationPortraitUpsideDown UIInterfaceOrientationLandscapeLeft UIInterfaceOrientationLandscapeRight";
				INFOPLIST_KEY_UISupportedInterfaceOrientations_iPhone = "UIInterfaceOrientationPortrait UIInterfaceOrientationLandscapeLeft UIInterfaceOrientationLandscapeRight";
				IPHONEOS_DEPLOYMENT_TARGET = 15.2;
				LD_RUNPATH_SEARCH_PATHS = (
					"$(inherited)",
					"@executable_path/Frameworks",
				);
				MARKETING_VERSION = 1.0;
				PRODUCT_BUNDLE_IDENTIFIER = com.MattRayls.StackOverflowChallenge;
				PRODUCT_NAME = StackOverflowChallenge;
				SDKROOT = iphoneos;
				SWIFT_EMIT_LOC_STRINGS = YES;
				SWIFT_VERSION = 5.0;
				TARGETED_DEVICE_FAMILY = "1,2";
			};
			name = Debug;
		};
		9314874127D151C70012AC2C /* Release */ = {
			isa = XCBuildConfiguration;
			buildSettings = {
				ASSETCATALOG_COMPILER_APPICON_NAME = AppIcon;
				ASSETCATALOG_COMPILER_GLOBAL_ACCENT_COLOR_NAME = AccentColor;
				CODE_SIGN_STYLE = Automatic;
				CURRENT_PROJECT_VERSION = 1;
				ENABLE_PREVIEWS = YES;
				GENERATE_INFOPLIST_FILE = YES;
				INFOPLIST_KEY_UIApplicationSceneManifest_Generation = YES;
				INFOPLIST_KEY_UIApplicationSupportsIndirectInputEvents = YES;
				INFOPLIST_KEY_UILaunchScreen_Generation = YES;
				INFOPLIST_KEY_UISupportedInterfaceOrientations_iPad = "UIInterfaceOrientationPortrait UIInterfaceOrientationPortraitUpsideDown UIInterfaceOrientationLandscapeLeft UIInterfaceOrientationLandscapeRight";
				INFOPLIST_KEY_UISupportedInterfaceOrientations_iPhone = "UIInterfaceOrientationPortrait UIInterfaceOrientationLandscapeLeft UIInterfaceOrientationLandscapeRight";
				IPHONEOS_DEPLOYMENT_TARGET = 15.2;
				LD_RUNPATH_SEARCH_PATHS = (
					"$(inherited)",
					"@executable_path/Frameworks",
				);
				MARKETING_VERSION = 1.0;
				PRODUCT_BUNDLE_IDENTIFIER = com.MattRayls.StackOverflowChallenge;
				PRODUCT_NAME = StackOverflowChallenge;
				SDKROOT = iphoneos;
				SWIFT_EMIT_LOC_STRINGS = YES;
				SWIFT_VERSION = 5.0;
				TARGETED_DEVICE_FAMILY = "1,2";
				VALIDATE_PRODUCT = YES;
			};
			name = Release;
		};
		9314874327D151C70012AC2C /* Debug */ = {
			isa = XCBuildConfiguration;
			buildSettings = {
				ASSETCATALOG_COMPILER_APPICON_NAME = AppIcon;
				ASSETCATALOG_COMPILER_GLOBAL_ACCENT_COLOR_NAME = AccentColor;
				CODE_SIGN_ENTITLEMENTS = macOS/macOS.entitlements;
				CODE_SIGN_IDENTITY = "-";
				CODE_SIGN_STYLE = Automatic;
				COMBINE_HIDPI_IMAGES = YES;
				CURRENT_PROJECT_VERSION = 1;
				ENABLE_PREVIEWS = YES;
				GENERATE_INFOPLIST_FILE = YES;
				INFOPLIST_KEY_NSHumanReadableCopyright = "";
				LD_RUNPATH_SEARCH_PATHS = (
					"$(inherited)",
					"@executable_path/../Frameworks",
				);
				MACOSX_DEPLOYMENT_TARGET = 12.1;
				MARKETING_VERSION = 1.0;
				PRODUCT_BUNDLE_IDENTIFIER = com.MattRayls.StackOverflowChallenge;
				PRODUCT_NAME = StackOverflowChallenge;
				SDKROOT = macosx;
				SWIFT_EMIT_LOC_STRINGS = YES;
				SWIFT_VERSION = 5.0;
			};
			name = Debug;
		};
		9314874427D151C70012AC2C /* Release */ = {
			isa = XCBuildConfiguration;
			buildSettings = {
				ASSETCATALOG_COMPILER_APPICON_NAME = AppIcon;
				ASSETCATALOG_COMPILER_GLOBAL_ACCENT_COLOR_NAME = AccentColor;
				CODE_SIGN_ENTITLEMENTS = macOS/macOS.entitlements;
				CODE_SIGN_IDENTITY = "Apple Development";
				CODE_SIGN_STYLE = Automatic;
				COMBINE_HIDPI_IMAGES = YES;
				CURRENT_PROJECT_VERSION = 1;
				ENABLE_PREVIEWS = YES;
				GENERATE_INFOPLIST_FILE = YES;
				INFOPLIST_KEY_NSHumanReadableCopyright = "";
				LD_RUNPATH_SEARCH_PATHS = (
					"$(inherited)",
					"@executable_path/../Frameworks",
				);
				MACOSX_DEPLOYMENT_TARGET = 12.1;
				MARKETING_VERSION = 1.0;
				PRODUCT_BUNDLE_IDENTIFIER = com.MattRayls.StackOverflowChallenge;
				PRODUCT_NAME = StackOverflowChallenge;
				SDKROOT = macosx;
				SWIFT_EMIT_LOC_STRINGS = YES;
				SWIFT_VERSION = 5.0;
			};
			name = Release;
		};
/* End XCBuildConfiguration section */

/* Begin XCConfigurationList section */
		9314872527D151C60012AC2C /* Build configuration list for PBXProject "StackOverflowChallenge" */ = {
			isa = XCConfigurationList;
			buildConfigurations = (
				9314873D27D151C70012AC2C /* Debug */,
				9314873E27D151C70012AC2C /* Release */,
			);
			defaultConfigurationIsVisible = 0;
			defaultConfigurationName = Release;
		};
		9314873F27D151C70012AC2C /* Build configuration list for PBXNativeTarget "StackOverflowChallenge (iOS)" */ = {
			isa = XCConfigurationList;
			buildConfigurations = (
				9314874027D151C70012AC2C /* Debug */,
				9314874127D151C70012AC2C /* Release */,
			);
			defaultConfigurationIsVisible = 0;
			defaultConfigurationName = Release;
		};
		9314874227D151C70012AC2C /* Build configuration list for PBXNativeTarget "StackOverflowChallenge (macOS)" */ = {
			isa = XCConfigurationList;
			buildConfigurations = (
				9314874327D151C70012AC2C /* Debug */,
				9314874427D151C70012AC2C /* Release */,
			);
			defaultConfigurationIsVisible = 0;
			defaultConfigurationName = Release;
		};
/* End XCConfigurationList section */
	};
	rootObject = 9314872227D151C60012AC2C /* Project object */;
}
